
Microsoft Visual Studio Solution File, Format Version 12.00
# Visual Studio Version 16
VisualStudioVersion = 16.0.31829.152
MinimumVisualStudioVersion = 10.0.40219.1
Project("{2150E333-8FDC-42A3-9474-1A3956D46DE8}") = "src", "src", "{B6599CA1-66E3-442F-942F-E70B90D38940}"
EndProject
Project("{2150E333-8FDC-42A3-9474-1A3956D46DE8}") = "tst", "tst", "{944964ED-D9C8-47B0-9E19-5D331AD66C8C}"
EndProject
Project("{FAE04EC0-301F-11D3-BF4B-00C04F79EFBC}") = "BlazorGuessNumber", "src\BlazorGuessNumber\BlazorGuessNumber.csproj", "{61E4F5F8-B3D8-4665-BE75-C29BC2D124EC}"
EndProject
Global
	GlobalSection(SolutionConfigurationPlatforms) = preSolution
		Debug|Any CPU = Debug|Any CPU
		Release|Any CPU = Release|Any CPU
	EndGlobalSection
	GlobalSection(ProjectConfigurationPlatforms) = postSolution
		{61E4F5F8-B3D8-4665-BE75-C29BC2D124EC}.Debug|Any CPU.ActiveCfg = Debug|Any CPU
		{61E4F5F8-B3D8-4665-BE75-C29BC2D124EC}.Debug|Any CPU.Build.0 = Debug|Any CPU
		{61E4F5F8-B3D8-4665-BE75-C29BC2D124EC}.Release|Any CPU.ActiveCfg = Release|Any CPU
		{61E4F5F8-B3D8-4665-BE75-C29BC2D124EC}.Release|Any CPU.Build.0 = Release|Any CPU
	EndGlobalSection
	GlobalSection(SolutionProperties) = preSolution
		HideSolutionNode = FALSE
	EndGlobalSection
	GlobalSection(NestedProjects) = preSolution
		{61E4F5F8-B3D8-4665-BE75-C29BC2D124EC} = {B6599CA1-66E3-442F-942F-E70B90D38940}
	EndGlobalSection
	GlobalSection(ExtensibilityGlobals) = postSolution
		SolutionGuid = {0FE7A17A-6DA0-4F7A-BA91-11BA1EFA1253}
	EndGlobalSection
EndGlobal
